
Microsoft Visual Studio Solution File, Format Version 12.00
# Visual Studio 14
VisualStudioVersion = 14.0.25420.1
MinimumVisualStudioVersion = 10.0.40219.1
Project("{FAE04EC0-301F-11D3-BF4B-00C04F79EFBC}") = "ImagingTest", "AffectivaTest\ImagingTest.csproj", "{88B8B47E-66F0-4D97-AAE1-1EABB11B6DB5}"
EndProject
Project("{FAE04EC0-301F-11D3-BF4B-00C04F79EFBC}") = "EmojiNamer", "EmojiNamer\EmojiNamer.csproj", "{E73A50E0-7119-4383-816D-538333AD93CF}"
EndProject
Project("{FAE04EC0-301F-11D3-BF4B-00C04F79EFBC}") = "HRUTWeb", "Web\HRUTWeb.csproj", "{20F10DEE-493B-4CFA-A74E-9AB9F4D4260C}"
EndProject
Global
	GlobalSection(SolutionConfigurationPlatforms) = preSolution
		Debug|Any CPU = Debug|Any CPU
		Release|Any CPU = Release|Any CPU
	EndGlobalSection
	GlobalSection(ProjectConfigurationPlatforms) = postSolution
		{88B8B47E-66F0-4D97-AAE1-1EABB11B6DB5}.Debug|Any CPU.ActiveCfg = Debug|Any CPU
		{88B8B47E-66F0-4D97-AAE1-1EABB11B6DB5}.Debug|Any CPU.Build.0 = Debug|Any CPU
		{88B8B47E-66F0-4D97-AAE1-1EABB11B6DB5}.Release|Any CPU.ActiveCfg = Release|Any CPU
		{88B8B47E-66F0-4D97-AAE1-1EABB11B6DB5}.Release|Any CPU.Build.0 = Release|Any CPU
		{E73A50E0-7119-4383-816D-538333AD93CF}.Debug|Any CPU.ActiveCfg = Debug|Any CPU
		{E73A50E0-7119-4383-816D-538333AD93CF}.Debug|Any CPU.Build.0 = Debug|Any CPU
		{E73A50E0-7119-4383-816D-538333AD93CF}.Release|Any CPU.ActiveCfg = Release|Any CPU
		{E73A50E0-7119-4383-816D-538333AD93CF}.Release|Any CPU.Build.0 = Release|Any CPU
		{20F10DEE-493B-4CFA-A74E-9AB9F4D4260C}.Debug|Any CPU.ActiveCfg = Debug|Any CPU
		{20F10DEE-493B-4CFA-A74E-9AB9F4D4260C}.Debug|Any CPU.Build.0 = Debug|Any CPU
		{20F10DEE-493B-4CFA-A74E-9AB9F4D4260C}.Release|Any CPU.ActiveCfg = Release|Any CPU
		{20F10DEE-493B-4CFA-A74E-9AB9F4D4260C}.Release|Any CPU.Build.0 = Release|Any CPU
	EndGlobalSection
	GlobalSection(SolutionProperties) = preSolution
		HideSolutionNode = FALSE
	EndGlobalSection
EndGlobal
